
Microsoft Visual Studio Solution File, Format Version 12.00
# Visual Studio Version 16
VisualStudioVersion = 16.0.30907.101
MinimumVisualStudioVersion = 10.0.40219.1
Project("{9A19103F-16F7-4668-BE54-9A1E7A4F7556}") = "Kanoodle.App", "ConsoleApp1\Kanoodle.App.csproj", "{9E98AF71-0B5C-469B-BD81-7C97F1529979}"
EndProject
Project("{9A19103F-16F7-4668-BE54-9A1E7A4F7556}") = "Kanoodle.Core", "ClassLibrary1\Kanoodle.Core.csproj", "{C4C385BB-C70D-454F-B50F-86BDC241E1E6}"
EndProject
Global
	GlobalSection(SolutionConfigurationPlatforms) = preSolution
		Debug|Any CPU = Debug|Any CPU
		Release|Any CPU = Release|Any CPU
	EndGlobalSection
	GlobalSection(ProjectConfigurationPlatforms) = postSolution
		{9E98AF71-0B5C-469B-BD81-7C97F1529979}.Debug|Any CPU.ActiveCfg = Debug|Any CPU
		{9E98AF71-0B5C-469B-BD81-7C97F1529979}.Debug|Any CPU.Build.0 = Debug|Any CPU
		{9E98AF71-0B5C-469B-BD81-7C97F1529979}.Release|Any CPU.ActiveCfg = Release|Any CPU
		{9E98AF71-0B5C-469B-BD81-7C97F1529979}.Release|Any CPU.Build.0 = Release|Any CPU
		{C4C385BB-C70D-454F-B50F-86BDC241E1E6}.Debug|Any CPU.ActiveCfg = Debug|Any CPU
		{C4C385BB-C70D-454F-B50F-86BDC241E1E6}.Debug|Any CPU.Build.0 = Debug|Any CPU
		{C4C385BB-C70D-454F-B50F-86BDC241E1E6}.Release|Any CPU.ActiveCfg = Release|Any CPU
		{C4C385BB-C70D-454F-B50F-86BDC241E1E6}.Release|Any CPU.Build.0 = Release|Any CPU
	EndGlobalSection
	GlobalSection(SolutionProperties) = preSolution
		HideSolutionNode = FALSE
	EndGlobalSection
	GlobalSection(ExtensibilityGlobals) = postSolution
		SolutionGuid = {B5AF33FF-1F51-471C-AA06-17A3A1F8FE0B}
	EndGlobalSection
EndGlobal
